
Microsoft Visual Studio Solution File, Format Version 12.00
# Visual Studio Version 16
VisualStudioVersion = 16.0.30114.105
MinimumVisualStudioVersion = 10.0.40219.1
Project("{FAE04EC0-301F-11D3-BF4B-00C04F79EFBC}") = "MVCSecurityDiscussion", "MVCSecurityDiscussion.csproj", "{F4559958-68B4-4C29-86E5-DB12EFF4A701}"
EndProject
Global
	GlobalSection(SolutionConfigurationPlatforms) = preSolution
		Debug|Any CPU = Debug|Any CPU
		Release|Any CPU = Release|Any CPU
	EndGlobalSection
	GlobalSection(ProjectConfigurationPlatforms) = postSolution
		{F4559958-68B4-4C29-86E5-DB12EFF4A701}.Debug|Any CPU.ActiveCfg = Debug|Any CPU
		{F4559958-68B4-4C29-86E5-DB12EFF4A701}.Debug|Any CPU.Build.0 = Debug|Any CPU
		{F4559958-68B4-4C29-86E5-DB12EFF4A701}.Release|Any CPU.ActiveCfg = Release|Any CPU
		{F4559958-68B4-4C29-86E5-DB12EFF4A701}.Release|Any CPU.Build.0 = Release|Any CPU
	EndGlobalSection
	GlobalSection(SolutionProperties) = preSolution
		HideSolutionNode = FALSE
	EndGlobalSection
	GlobalSection(ExtensibilityGlobals) = postSolution
		SolutionGuid = {89522082-9EBB-45C6-B29E-34DA2D4C703F}
	EndGlobalSection
EndGlobal
