
Microsoft Visual Studio Solution File, Format Version 12.00
# Visual Studio Version 16
VisualStudioVersion = 16.0.30114.105
MinimumVisualStudioVersion = 10.0.40219.1
Project("{FAE04EC0-301F-11D3-BF4B-00C04F79EFBC}") = "MVCSecurity", "MVCSecurity.csproj", "{E9A633FB-2529-4E83-A2B5-894D09127EFF}"
EndProject
Global
	GlobalSection(SolutionConfigurationPlatforms) = preSolution
		Debug|Any CPU = Debug|Any CPU
		Release|Any CPU = Release|Any CPU
	EndGlobalSection
	GlobalSection(ProjectConfigurationPlatforms) = postSolution
		{E9A633FB-2529-4E83-A2B5-894D09127EFF}.Debug|Any CPU.ActiveCfg = Debug|Any CPU
		{E9A633FB-2529-4E83-A2B5-894D09127EFF}.Debug|Any CPU.Build.0 = Debug|Any CPU
		{E9A633FB-2529-4E83-A2B5-894D09127EFF}.Release|Any CPU.ActiveCfg = Release|Any CPU
		{E9A633FB-2529-4E83-A2B5-894D09127EFF}.Release|Any CPU.Build.0 = Release|Any CPU
	EndGlobalSection
	GlobalSection(SolutionProperties) = preSolution
		HideSolutionNode = FALSE
	EndGlobalSection
	GlobalSection(ExtensibilityGlobals) = postSolution
		SolutionGuid = {6B03E11F-BAE0-4589-A52E-61D6ABAA8B99}
	EndGlobalSection
EndGlobal
